
Microsoft Visual Studio Solution File, Format Version 12.00
# Visual Studio Version 17
VisualStudioVersion = 17.3.32922.545
MinimumVisualStudioVersion = 10.0.40219.1
Project("{FAE04EC0-301F-11D3-BF4B-00C04F79EFBC}") = "Microservice API1", "Microservice API1.csproj", "{5F10C18A-EC0B-4E56-BDAF-9BBDC82CE7B8}"
EndProject
Project("{E53339B2-1760-4266-BCC7-CA923CBCF16C}") = "docker-compose", "docker-compose.dcproj", "{DE9A7631-26CE-4DC7-B8D6-9B38A8C2DBC6}"
EndProject
Global
	GlobalSection(SolutionConfigurationPlatforms) = preSolution
		Debug|Any CPU = Debug|Any CPU
		Release|Any CPU = Release|Any CPU
	EndGlobalSection
	GlobalSection(ProjectConfigurationPlatforms) = postSolution
		{5F10C18A-EC0B-4E56-BDAF-9BBDC82CE7B8}.Debug|Any CPU.ActiveCfg = Debug|Any CPU
		{5F10C18A-EC0B-4E56-BDAF-9BBDC82CE7B8}.Debug|Any CPU.Build.0 = Debug|Any CPU
		{5F10C18A-EC0B-4E56-BDAF-9BBDC82CE7B8}.Release|Any CPU.ActiveCfg = Release|Any CPU
		{5F10C18A-EC0B-4E56-BDAF-9BBDC82CE7B8}.Release|Any CPU.Build.0 = Release|Any CPU
		{DE9A7631-26CE-4DC7-B8D6-9B38A8C2DBC6}.Debug|Any CPU.ActiveCfg = Debug|Any CPU
		{DE9A7631-26CE-4DC7-B8D6-9B38A8C2DBC6}.Debug|Any CPU.Build.0 = Debug|Any CPU
		{DE9A7631-26CE-4DC7-B8D6-9B38A8C2DBC6}.Release|Any CPU.ActiveCfg = Release|Any CPU
		{DE9A7631-26CE-4DC7-B8D6-9B38A8C2DBC6}.Release|Any CPU.Build.0 = Release|Any CPU
	EndGlobalSection
	GlobalSection(SolutionProperties) = preSolution
		HideSolutionNode = FALSE
	EndGlobalSection
	GlobalSection(ExtensibilityGlobals) = postSolution
		SolutionGuid = {EA7E1116-7C15-4525-8599-56F0BFD459EC}
	EndGlobalSection
EndGlobal
